
Microsoft Visual Studio Solution File, Format Version 12.00
# Visual Studio Version 16
VisualStudioVersion = 16.0.31005.135
MinimumVisualStudioVersion = 10.0.40219.1
Project("{9A19103F-16F7-4668-BE54-9A1E7A4F7556}") = "DbUsers", "DbUsers\DbUsers.csproj", "{299C7B2B-6FBC-4A61-8037-2AF1A6EB80FC}"
EndProject
Global
	GlobalSection(SolutionConfigurationPlatforms) = preSolution
		Debug|Any CPU = Debug|Any CPU
		Release|Any CPU = Release|Any CPU
	EndGlobalSection
	GlobalSection(ProjectConfigurationPlatforms) = postSolution
		{299C7B2B-6FBC-4A61-8037-2AF1A6EB80FC}.Debug|Any CPU.ActiveCfg = Debug|Any CPU
		{299C7B2B-6FBC-4A61-8037-2AF1A6EB80FC}.Debug|Any CPU.Build.0 = Debug|Any CPU
		{299C7B2B-6FBC-4A61-8037-2AF1A6EB80FC}.Release|Any CPU.ActiveCfg = Release|Any CPU
		{299C7B2B-6FBC-4A61-8037-2AF1A6EB80FC}.Release|Any CPU.Build.0 = Release|Any CPU
	EndGlobalSection
	GlobalSection(SolutionProperties) = preSolution
		HideSolutionNode = FALSE
	EndGlobalSection
	GlobalSection(ExtensibilityGlobals) = postSolution
		SolutionGuid = {90ED25E5-A854-4796-AB4A-3BF21405676D}
	EndGlobalSection
EndGlobal
